{
  "version": "5",
  "redirects": {
    "https://esm.sh/@supabase/supabase-js@2": "https://esm.sh/@supabase/supabase-js@2.105.4"
  },
  "remote": {
    "https://esm.sh/@supabase/supabase-js@2.105.4": "92cda3ff3af2e241766bc1d53b87167b4d6376d43a0e2f31ddcd6d41a58d09f9"
  },
  "workspace": {
    "packageJson": {
      "dependencies": [
        "npm:@opentelemetry/api@^1.9.1",
        "npm:@vercel/analytics@^2.0.1",
        "npm:@vercel/speed-insights@2",
        "npm:@zoom/videosdk@^2.4.5",
        "npm:vite@^7.1.12"
      ]
    }
  }
}
